# THIS IS AN AUTOGENERATED FILE. DO NOT EDIT THIS FILE DIRECTLY.
# yarn lockfile v1


"@yarnpkg/lockfile@^1.0.0":
  version "1.1.0"
  resolved "https://registry.yarnpkg.com/@yarnpkg/lockfile/-/lockfile-1.1.0.tgz#e77a97fbd345b76d83245edcd17d393b1b41fb31"

colors@^1.1.2:
  version "1.3.2"
  resolved "https://registry.yarnpkg.com/colors/-/colors-1.3.2.tgz#2df8ff573dfbf255af562f8ce7181d6b971a359b"

commander@^2.11.0:
  version "2.18.0"
  resolved "https://registry.yarnpkg.com/commander/-/commander-2.18.0.tgz#2bf063ddee7c7891176981a2cc798e5754bc6970"

eol@^0.9.1:
  version "0.9.1"
  resolved "https://registry.yarnpkg.com/eol/-/eol-0.9.1.tgz#f701912f504074be35c6117a5c4ade49cd547acd"

"lodash@https://github.com/lodash/lodash/archive/4.17.11.tar.gz":
  version "4.17.11"
  resolved "https://github.com/lodash/lodash/archive/4.17.11.tar.gz#50c4a13741e2f2d1a09bc0e46ee60c381e71d76a"

nmtree@^1.0.3:
  version "1.0.4"
  resolved "https://registry.yarnpkg.com/nmtree/-/nmtree-1.0.4.tgz#695254f9979004406ff8579913dd5fb18f4dda27"
  dependencies:
    commander "^2.11.0"

synp@^1.3.1:
  version "1.3.1"
  resolved "https://registry.yarnpkg.com/synp/-/synp-1.3.1.tgz#d07381ba26d1b9f031a97cdb427ec215c78cb6dc"
  dependencies:
    "@yarnpkg/lockfile" "^1.0.0"
    colors "^1.1.2"
    commander "^2.11.0"
    eol "^0.9.1"
    nmtree "^1.0.3"
